
Microsoft Visual Studio Solution File, Format Version 12.00
# Visual Studio Version 17
VisualStudioVersion = 17.11.35327.3
MinimumVisualStudioVersion = 10.0.40219.1
Project("{888888A0-9F3D-457C-B088-3A5042F75D52}") = "day1", "day1\day1.pyproj", "{232F69BF-9798-4E46-BD7D-1717F5D6CF6C}"
EndProject
Project("{888888A0-9F3D-457C-B088-3A5042F75D52}") = "day2", "day2\day2.pyproj", "{303B35CA-377C-45C0-9303-C49CCCAAC442}"
EndProject
Project("{888888A0-9F3D-457C-B088-3A5042F75D52}") = "day3", "day3\day3.pyproj", "{B0A785BB-0780-4FE6-B922-31A818BCDB79}"
EndProject
Project("{888888A0-9F3D-457C-B088-3A5042F75D52}") = "day4", "day4\day4.pyproj", "{68966C6C-71DF-4ECC-9E2B-2CC0865E23F1}"
EndProject
Project("{888888A0-9F3D-457C-B088-3A5042F75D52}") = "day5", "day5\day5.pyproj", "{ED59D153-2B08-4078-AE28-3D9C848C7FBD}"
EndProject
Project("{888888A0-9F3D-457C-B088-3A5042F75D52}") = "day6", "day6\day6.pyproj", "{EF18F3AE-4F06-4124-95A0-284F7E900853}"
EndProject
Project("{888888A0-9F3D-457C-B088-3A5042F75D52}") = "day7", "day7\day7.pyproj", "{C0D43CC2-01FF-4743-89C2-26B7D983833B}"
EndProject
Project("{888888A0-9F3D-457C-B088-3A5042F75D52}") = "day8", "day8\day8.pyproj", "{0254D402-8C55-4758-8919-49715C959AC1}"
EndProject
Project("{888888A0-9F3D-457C-B088-3A5042F75D52}") = "day9", "day9\day9.pyproj", "{A8A0B62F-CCF5-4AA0-82FE-9C5B8FAD868B}"
EndProject
Global
	GlobalSection(SolutionConfigurationPlatforms) = preSolution
		Debug|Any CPU = Debug|Any CPU
		Release|Any CPU = Release|Any CPU
	EndGlobalSection
	GlobalSection(ProjectConfigurationPlatforms) = postSolution
		{232F69BF-9798-4E46-BD7D-1717F5D6CF6C}.Debug|Any CPU.ActiveCfg = Debug|Any CPU
		{232F69BF-9798-4E46-BD7D-1717F5D6CF6C}.Release|Any CPU.ActiveCfg = Release|Any CPU
		{303B35CA-377C-45C0-9303-C49CCCAAC442}.Debug|Any CPU.ActiveCfg = Debug|Any CPU
		{303B35CA-377C-45C0-9303-C49CCCAAC442}.Release|Any CPU.ActiveCfg = Release|Any CPU
		{B0A785BB-0780-4FE6-B922-31A818BCDB79}.Debug|Any CPU.ActiveCfg = Debug|Any CPU
		{B0A785BB-0780-4FE6-B922-31A818BCDB79}.Release|Any CPU.ActiveCfg = Release|Any CPU
		{68966C6C-71DF-4ECC-9E2B-2CC0865E23F1}.Debug|Any CPU.ActiveCfg = Debug|Any CPU
		{68966C6C-71DF-4ECC-9E2B-2CC0865E23F1}.Release|Any CPU.ActiveCfg = Release|Any CPU
		{ED59D153-2B08-4078-AE28-3D9C848C7FBD}.Debug|Any CPU.ActiveCfg = Debug|Any CPU
		{ED59D153-2B08-4078-AE28-3D9C848C7FBD}.Release|Any CPU.ActiveCfg = Release|Any CPU
		{EF18F3AE-4F06-4124-95A0-284F7E900853}.Debug|Any CPU.ActiveCfg = Debug|Any CPU
		{EF18F3AE-4F06-4124-95A0-284F7E900853}.Release|Any CPU.ActiveCfg = Release|Any CPU
		{C0D43CC2-01FF-4743-89C2-26B7D983833B}.Debug|Any CPU.ActiveCfg = Debug|Any CPU
		{C0D43CC2-01FF-4743-89C2-26B7D983833B}.Release|Any CPU.ActiveCfg = Release|Any CPU
		{0254D402-8C55-4758-8919-49715C959AC1}.Debug|Any CPU.ActiveCfg = Debug|Any CPU
		{0254D402-8C55-4758-8919-49715C959AC1}.Release|Any CPU.ActiveCfg = Release|Any CPU
		{A8A0B62F-CCF5-4AA0-82FE-9C5B8FAD868B}.Debug|Any CPU.ActiveCfg = Debug|Any CPU
		{A8A0B62F-CCF5-4AA0-82FE-9C5B8FAD868B}.Release|Any CPU.ActiveCfg = Release|Any CPU
	EndGlobalSection
	GlobalSection(SolutionProperties) = preSolution
		HideSolutionNode = FALSE
	EndGlobalSection
	GlobalSection(ExtensibilityGlobals) = postSolution
		SolutionGuid = {12D9EE63-753D-4EA7-BE66-5CE874021A4F}
	EndGlobalSection
EndGlobal
